
Microsoft Visual Studio Solution File, Format Version 12.00
# Visual Studio Version 17
VisualStudioVersion = 17.8.34309.116
MinimumVisualStudioVersion = 10.0.40219.1
Project("{FAE04EC0-301F-11D3-BF4B-00C04F79EFBC}") = "Estructuras", "Estructuras\Estructuras.csproj", "{CBDBE84F-BCA7-4686-934C-A9646AA86E19}"
EndProject
Global
	GlobalSection(SolutionConfigurationPlatforms) = preSolution
		Debug|Any CPU = Debug|Any CPU
		Release|Any CPU = Release|Any CPU
	EndGlobalSection
	GlobalSection(ProjectConfigurationPlatforms) = postSolution
		{CBDBE84F-BCA7-4686-934C-A9646AA86E19}.Debug|Any CPU.ActiveCfg = Debug|Any CPU
		{CBDBE84F-BCA7-4686-934C-A9646AA86E19}.Debug|Any CPU.Build.0 = Debug|Any CPU
		{CBDBE84F-BCA7-4686-934C-A9646AA86E19}.Release|Any CPU.ActiveCfg = Release|Any CPU
		{CBDBE84F-BCA7-4686-934C-A9646AA86E19}.Release|Any CPU.Build.0 = Release|Any CPU
	EndGlobalSection
	GlobalSection(SolutionProperties) = preSolution
		HideSolutionNode = FALSE
	EndGlobalSection
	GlobalSection(ExtensibilityGlobals) = postSolution
		SolutionGuid = {DE27AF35-0256-4B2A-A4FA-F45F61DF4C36}
	EndGlobalSection
EndGlobal
